
Microsoft Visual Studio Solution File, Format Version 12.00
# Visual Studio Version 16
VisualStudioVersion = 16.0.32929.386
MinimumVisualStudioVersion = 10.0.40219.1
Project("{FAE04EC0-301F-11D3-BF4B-00C04F79EFBC}") = "Str_task", "Str_task\Str_task.csproj", "{D50F96FE-A6D9-4263-80C8-3DB80F31132D}"
EndProject
Global
	GlobalSection(SolutionConfigurationPlatforms) = preSolution
		Debug|Any CPU = Debug|Any CPU
		Release|Any CPU = Release|Any CPU
	EndGlobalSection
	GlobalSection(ProjectConfigurationPlatforms) = postSolution
		{D50F96FE-A6D9-4263-80C8-3DB80F31132D}.Debug|Any CPU.ActiveCfg = Debug|Any CPU
		{D50F96FE-A6D9-4263-80C8-3DB80F31132D}.Debug|Any CPU.Build.0 = Debug|Any CPU
		{D50F96FE-A6D9-4263-80C8-3DB80F31132D}.Release|Any CPU.ActiveCfg = Release|Any CPU
		{D50F96FE-A6D9-4263-80C8-3DB80F31132D}.Release|Any CPU.Build.0 = Release|Any CPU
	EndGlobalSection
	GlobalSection(SolutionProperties) = preSolution
		HideSolutionNode = FALSE
	EndGlobalSection
	GlobalSection(ExtensibilityGlobals) = postSolution
		SolutionGuid = {56CFDACF-A78B-4875-B534-797B7BEC7A71}
	EndGlobalSection
EndGlobal
